
Microsoft Visual Studio Solution File, Format Version 12.00
Project("{FAE04EC0-301F-11D3-BF4B-00C04F79EFBC}") = "Ultz.SimpleServer", "Ultz.SimpleServer\Ultz.SimpleServer.csproj", "{8FDB56A4-FB17-4957-BA73-D9C3F1C0AC70}"
EndProject
Project("{FAE04EC0-301F-11D3-BF4B-00C04F79EFBC}") = "DemoProject", "Samples\DemoProject\DemoProject.csproj", "{8254B3AC-4E37-4D50-AA56-6E0C235910E7}"
EndProject
Project("{2150E333-8FDC-42A3-9474-1A3956D46DE8}") = "Demo Projects", "Demo Projects", "{D944EB4E-6EA8-497C-9256-AEEC251D2200}"
EndProject
Project("{FAE04EC0-301F-11D3-BF4B-00C04F79EFBC}") = "DemoService", "DemoService\DemoService.csproj", "{94263197-BA46-4F6E-A554-16ECD51FAECD}"
EndProject
Project("{FAE04EC0-301F-11D3-BF4B-00C04F79EFBC}") = "Ultz.SimpleServer.Minimal", "Ultz.SimpleServer.Minimal\Ultz.SimpleServer.Minimal.csproj", "{75BECDBB-F68E-4D1D-87BB-2ECB46E70188}"
EndProject
Project("{FAE04EC0-301F-11D3-BF4B-00C04F79EFBC}") = "Ultz.SimpleServer.Abstractions", "Ultz.SimpleServer.Abstractions\Ultz.SimpleServer.Abstractions.csproj", "{1A81839E-7AF5-4103-9189-C5D0EB15D20E}"
EndProject
Global
	GlobalSection(SolutionConfigurationPlatforms) = preSolution
		Debug|Any CPU = Debug|Any CPU
		Release|Any CPU = Release|Any CPU
	EndGlobalSection
	GlobalSection(ProjectConfigurationPlatforms) = postSolution
		{8FDB56A4-FB17-4957-BA73-D9C3F1C0AC70}.Debug|Any CPU.ActiveCfg = Debug|Any CPU
		{8FDB56A4-FB17-4957-BA73-D9C3F1C0AC70}.Debug|Any CPU.Build.0 = Debug|Any CPU
		{8FDB56A4-FB17-4957-BA73-D9C3F1C0AC70}.Release|Any CPU.ActiveCfg = Release|Any CPU
		{8FDB56A4-FB17-4957-BA73-D9C3F1C0AC70}.Release|Any CPU.Build.0 = Release|Any CPU
		{8254B3AC-4E37-4D50-AA56-6E0C235910E7}.Debug|Any CPU.ActiveCfg = Debug|Any CPU
		{8254B3AC-4E37-4D50-AA56-6E0C235910E7}.Debug|Any CPU.Build.0 = Debug|Any CPU
		{8254B3AC-4E37-4D50-AA56-6E0C235910E7}.Release|Any CPU.ActiveCfg = Release|Any CPU
		{8254B3AC-4E37-4D50-AA56-6E0C235910E7}.Release|Any CPU.Build.0 = Release|Any CPU
		{94263197-BA46-4F6E-A554-16ECD51FAECD}.Debug|Any CPU.ActiveCfg = Debug|Any CPU
		{94263197-BA46-4F6E-A554-16ECD51FAECD}.Debug|Any CPU.Build.0 = Debug|Any CPU
		{94263197-BA46-4F6E-A554-16ECD51FAECD}.Release|Any CPU.ActiveCfg = Release|Any CPU
		{94263197-BA46-4F6E-A554-16ECD51FAECD}.Release|Any CPU.Build.0 = Release|Any CPU
		{75BECDBB-F68E-4D1D-87BB-2ECB46E70188}.Debug|Any CPU.ActiveCfg = Debug|Any CPU
		{75BECDBB-F68E-4D1D-87BB-2ECB46E70188}.Debug|Any CPU.Build.0 = Debug|Any CPU
		{75BECDBB-F68E-4D1D-87BB-2ECB46E70188}.Release|Any CPU.ActiveCfg = Release|Any CPU
		{75BECDBB-F68E-4D1D-87BB-2ECB46E70188}.Release|Any CPU.Build.0 = Release|Any CPU
		{1A81839E-7AF5-4103-9189-C5D0EB15D20E}.Debug|Any CPU.ActiveCfg = Debug|Any CPU
		{1A81839E-7AF5-4103-9189-C5D0EB15D20E}.Debug|Any CPU.Build.0 = Debug|Any CPU
		{1A81839E-7AF5-4103-9189-C5D0EB15D20E}.Release|Any CPU.ActiveCfg = Release|Any CPU
		{1A81839E-7AF5-4103-9189-C5D0EB15D20E}.Release|Any CPU.Build.0 = Release|Any CPU
	EndGlobalSection
	GlobalSection(NestedProjects) = preSolution
		{8254B3AC-4E37-4D50-AA56-6E0C235910E7} = {D944EB4E-6EA8-497C-9256-AEEC251D2200}
		{94263197-BA46-4F6E-A554-16ECD51FAECD} = {D944EB4E-6EA8-497C-9256-AEEC251D2200}
	EndGlobalSection
EndGlobal
